
Microsoft Visual Studio Solution File, Format Version 12.00
# Visual Studio Version 17
VisualStudioVersion = 17.7.34221.43
MinimumVisualStudioVersion = 10.0.40219.1
Project("{FAE04EC0-301F-11D3-BF4B-00C04F79EFBC}") = "PatientApi", "PatientApi\PatientApi.csproj", "{FE0F8FE9-AECF-44CB-9A58-27F9A40B5D5C}"
EndProject
Global
	GlobalSection(SolutionConfigurationPlatforms) = preSolution
		Debug|Any CPU = Debug|Any CPU
		Release|Any CPU = Release|Any CPU
	EndGlobalSection
	GlobalSection(ProjectConfigurationPlatforms) = postSolution
		{FE0F8FE9-AECF-44CB-9A58-27F9A40B5D5C}.Debug|Any CPU.ActiveCfg = Debug|Any CPU
		{FE0F8FE9-AECF-44CB-9A58-27F9A40B5D5C}.Debug|Any CPU.Build.0 = Debug|Any CPU
		{FE0F8FE9-AECF-44CB-9A58-27F9A40B5D5C}.Release|Any CPU.ActiveCfg = Release|Any CPU
		{FE0F8FE9-AECF-44CB-9A58-27F9A40B5D5C}.Release|Any CPU.Build.0 = Release|Any CPU
	EndGlobalSection
	GlobalSection(SolutionProperties) = preSolution
		HideSolutionNode = FALSE
	EndGlobalSection
	GlobalSection(ExtensibilityGlobals) = postSolution
		SolutionGuid = {97309B24-576C-4728-B3EF-7839BFBF722C}
	EndGlobalSection
EndGlobal
